
Microsoft Visual Studio Solution File, Format Version 12.00
# Visual Studio 15
VisualStudioVersion = 15.0.27703.2000
MinimumVisualStudioVersion = 10.0.40219.1
Project("{FAE04EC0-301F-11D3-BF4B-00C04F79EFBC}") = "CSharp", "CSharp\CSharp.csproj", "{3E6D7801-9525-4FF2-8C53-BB94BC2022EB}"
EndProject
Project("{D954291E-2A0B-460D-934E-DC6B0785DB48}") = "Common", "Common\Common.shproj", "{264C4DA2-7511-441A-AAA3-01D3207888C3}"
EndProject
Project("{FAE04EC0-301F-11D3-BF4B-00C04F79EFBC}") = "ChangeRemoteDesktopPort", "ChangeRemoteDesktopPort\ChangeRemoteDesktopPort.csproj", "{0BD2F3D6-6EFB-4BB5-8594-096C121A0F05}"
EndProject
Project("{FAE04EC0-301F-11D3-BF4B-00C04F79EFBC}") = "WoL-csharp", "WoL-csharp\WoL-csharp.csproj", "{8C620519-6695-469C-92F2-D9A1FD466F0E}"
EndProject
Project("{FAE04EC0-301F-11D3-BF4B-00C04F79EFBC}") = "FWin10", "FWin10\FWin10.csproj", "{1E57E25B-FE01-44A7-BC4A-F1A98B490626}"
EndProject
Project("{FAE04EC0-301F-11D3-BF4B-00C04F79EFBC}") = "WebProxy", "WebProxy\WebProxy.csproj", "{17EE6D44-6521-448F-8306-54121B38BE16}"
EndProject
Project("{FAE04EC0-301F-11D3-BF4B-00C04F79EFBC}") = "WindowsFormsApp", "WindowsFormsApp\WindowsFormsApp.csproj", "{500E1A87-54BC-409B-8185-A678D06077EE}"
EndProject
Global
	GlobalSection(SharedMSBuildProjectFiles) = preSolution
		Common\Common.projitems*{0bd2f3d6-6efb-4bb5-8594-096c121a0f05}*SharedItemsImports = 4
		Common\Common.projitems*{1e57e25b-fe01-44a7-bc4a-f1a98b490626}*SharedItemsImports = 4
		Common\Common.projitems*{264c4da2-7511-441a-aaa3-01d3207888c3}*SharedItemsImports = 13
		Common\Common.projitems*{3e6d7801-9525-4ff2-8c53-bb94bc2022eb}*SharedItemsImports = 4
	EndGlobalSection
	GlobalSection(SolutionConfigurationPlatforms) = preSolution
		Debug|Any CPU = Debug|Any CPU
		Release|Any CPU = Release|Any CPU
	EndGlobalSection
	GlobalSection(ProjectConfigurationPlatforms) = postSolution
		{3E6D7801-9525-4FF2-8C53-BB94BC2022EB}.Debug|Any CPU.ActiveCfg = Debug|Any CPU
		{3E6D7801-9525-4FF2-8C53-BB94BC2022EB}.Debug|Any CPU.Build.0 = Debug|Any CPU
		{3E6D7801-9525-4FF2-8C53-BB94BC2022EB}.Release|Any CPU.ActiveCfg = Release|Any CPU
		{3E6D7801-9525-4FF2-8C53-BB94BC2022EB}.Release|Any CPU.Build.0 = Release|Any CPU
		{0BD2F3D6-6EFB-4BB5-8594-096C121A0F05}.Debug|Any CPU.ActiveCfg = Debug|Any CPU
		{0BD2F3D6-6EFB-4BB5-8594-096C121A0F05}.Debug|Any CPU.Build.0 = Debug|Any CPU
		{0BD2F3D6-6EFB-4BB5-8594-096C121A0F05}.Release|Any CPU.ActiveCfg = Release|Any CPU
		{0BD2F3D6-6EFB-4BB5-8594-096C121A0F05}.Release|Any CPU.Build.0 = Release|Any CPU
		{8C620519-6695-469C-92F2-D9A1FD466F0E}.Debug|Any CPU.ActiveCfg = Debug|Any CPU
		{8C620519-6695-469C-92F2-D9A1FD466F0E}.Debug|Any CPU.Build.0 = Debug|Any CPU
		{8C620519-6695-469C-92F2-D9A1FD466F0E}.Release|Any CPU.ActiveCfg = Release|Any CPU
		{8C620519-6695-469C-92F2-D9A1FD466F0E}.Release|Any CPU.Build.0 = Release|Any CPU
		{1E57E25B-FE01-44A7-BC4A-F1A98B490626}.Debug|Any CPU.ActiveCfg = Debug|Any CPU
		{1E57E25B-FE01-44A7-BC4A-F1A98B490626}.Debug|Any CPU.Build.0 = Debug|Any CPU
		{1E57E25B-FE01-44A7-BC4A-F1A98B490626}.Release|Any CPU.ActiveCfg = Release|Any CPU
		{1E57E25B-FE01-44A7-BC4A-F1A98B490626}.Release|Any CPU.Build.0 = Release|Any CPU
		{17EE6D44-6521-448F-8306-54121B38BE16}.Debug|Any CPU.ActiveCfg = Debug|Any CPU
		{17EE6D44-6521-448F-8306-54121B38BE16}.Debug|Any CPU.Build.0 = Debug|Any CPU
		{17EE6D44-6521-448F-8306-54121B38BE16}.Release|Any CPU.ActiveCfg = Release|Any CPU
		{17EE6D44-6521-448F-8306-54121B38BE16}.Release|Any CPU.Build.0 = Release|Any CPU
		{500E1A87-54BC-409B-8185-A678D06077EE}.Debug|Any CPU.ActiveCfg = Debug|Any CPU
		{500E1A87-54BC-409B-8185-A678D06077EE}.Debug|Any CPU.Build.0 = Debug|Any CPU
		{500E1A87-54BC-409B-8185-A678D06077EE}.Release|Any CPU.ActiveCfg = Release|Any CPU
		{500E1A87-54BC-409B-8185-A678D06077EE}.Release|Any CPU.Build.0 = Release|Any CPU
	EndGlobalSection
	GlobalSection(SolutionProperties) = preSolution
		HideSolutionNode = FALSE
	EndGlobalSection
	GlobalSection(ExtensibilityGlobals) = postSolution
		SolutionGuid = {7BA87C04-1F8A-4DC8-A26A-8006B1EF1EED}
	EndGlobalSection
EndGlobal
