
Microsoft Visual Studio Solution File, Format Version 12.00
# Visual Studio Version 16
VisualStudioVersion = 16.0.28803.352
MinimumVisualStudioVersion = 10.0.40219.1
Project("{FAE04EC0-301F-11D3-BF4B-00C04F79EFBC}") = "ChangeRemoteDesktopPort", "ChangeRemoteDesktopPort\ChangeRemoteDesktopPort.csproj", "{0BD2F3D6-6EFB-4BB5-8594-096C121A0F05}"
EndProject
Project("{FAE04EC0-301F-11D3-BF4B-00C04F79EFBC}") = "WoL-csharp", "WoL-csharp\WoL-csharp.csproj", "{8C620519-6695-469C-92F2-D9A1FD466F0E}"
EndProject
Project("{FAE04EC0-301F-11D3-BF4B-00C04F79EFBC}") = "FWin10", "FWin10\FWin10.csproj", "{1E57E25B-FE01-44A7-BC4A-F1A98B490626}"
EndProject
Project("{FAE04EC0-301F-11D3-BF4B-00C04F79EFBC}") = "HighDpiDemo", "HighDpiDemo\HighDpiDemo.csproj", "{AA72CA15-F562-4553-9576-5C217256081F}"
EndProject
Project("{9A19103F-16F7-4668-BE54-9A1E7A4F7556}") = "CSharp", "CSharp\CSharp.csproj", "{FF5CDBB1-2F2E-47DA-97C9-B68EED9B26A2}"
EndProject
Project("{9A19103F-16F7-4668-BE54-9A1E7A4F7556}") = "UnitTest", "UnitTest\UnitTest.csproj", "{4D9FDE0D-E49F-4121-8A04-2EC55432093A}"
EndProject
Project("{9A19103F-16F7-4668-BE54-9A1E7A4F7556}") = "BasicLib", "BasicLib\BasicLib.csproj", "{F4F38C97-580A-4A9F-BE18-F489C284B557}"
EndProject
Project("{FAE04EC0-301F-11D3-BF4B-00C04F79EFBC}") = "FrameworkLib", "FrameworkLib\FrameworkLib.csproj", "{EAE6B293-211D-4637-9BE8-FB3CD2C0725B}"
EndProject
Global
	GlobalSection(SolutionConfigurationPlatforms) = preSolution
		Debug|Any CPU = Debug|Any CPU
		Release|Any CPU = Release|Any CPU
	EndGlobalSection
	GlobalSection(ProjectConfigurationPlatforms) = postSolution
		{0BD2F3D6-6EFB-4BB5-8594-096C121A0F05}.Debug|Any CPU.ActiveCfg = Debug|Any CPU
		{0BD2F3D6-6EFB-4BB5-8594-096C121A0F05}.Debug|Any CPU.Build.0 = Debug|Any CPU
		{0BD2F3D6-6EFB-4BB5-8594-096C121A0F05}.Release|Any CPU.ActiveCfg = Release|Any CPU
		{0BD2F3D6-6EFB-4BB5-8594-096C121A0F05}.Release|Any CPU.Build.0 = Release|Any CPU
		{8C620519-6695-469C-92F2-D9A1FD466F0E}.Debug|Any CPU.ActiveCfg = Debug|Any CPU
		{8C620519-6695-469C-92F2-D9A1FD466F0E}.Debug|Any CPU.Build.0 = Debug|Any CPU
		{8C620519-6695-469C-92F2-D9A1FD466F0E}.Release|Any CPU.ActiveCfg = Release|Any CPU
		{8C620519-6695-469C-92F2-D9A1FD466F0E}.Release|Any CPU.Build.0 = Release|Any CPU
		{1E57E25B-FE01-44A7-BC4A-F1A98B490626}.Debug|Any CPU.ActiveCfg = Debug|Any CPU
		{1E57E25B-FE01-44A7-BC4A-F1A98B490626}.Debug|Any CPU.Build.0 = Debug|Any CPU
		{1E57E25B-FE01-44A7-BC4A-F1A98B490626}.Release|Any CPU.ActiveCfg = Release|Any CPU
		{1E57E25B-FE01-44A7-BC4A-F1A98B490626}.Release|Any CPU.Build.0 = Release|Any CPU
		{AA72CA15-F562-4553-9576-5C217256081F}.Debug|Any CPU.ActiveCfg = Debug|Any CPU
		{AA72CA15-F562-4553-9576-5C217256081F}.Debug|Any CPU.Build.0 = Debug|Any CPU
		{AA72CA15-F562-4553-9576-5C217256081F}.Release|Any CPU.ActiveCfg = Release|Any CPU
		{AA72CA15-F562-4553-9576-5C217256081F}.Release|Any CPU.Build.0 = Release|Any CPU
		{FF5CDBB1-2F2E-47DA-97C9-B68EED9B26A2}.Debug|Any CPU.ActiveCfg = Debug|Any CPU
		{FF5CDBB1-2F2E-47DA-97C9-B68EED9B26A2}.Debug|Any CPU.Build.0 = Debug|Any CPU
		{FF5CDBB1-2F2E-47DA-97C9-B68EED9B26A2}.Release|Any CPU.ActiveCfg = Release|Any CPU
		{FF5CDBB1-2F2E-47DA-97C9-B68EED9B26A2}.Release|Any CPU.Build.0 = Release|Any CPU
		{4D9FDE0D-E49F-4121-8A04-2EC55432093A}.Debug|Any CPU.ActiveCfg = Debug|Any CPU
		{4D9FDE0D-E49F-4121-8A04-2EC55432093A}.Debug|Any CPU.Build.0 = Debug|Any CPU
		{4D9FDE0D-E49F-4121-8A04-2EC55432093A}.Release|Any CPU.ActiveCfg = Release|Any CPU
		{4D9FDE0D-E49F-4121-8A04-2EC55432093A}.Release|Any CPU.Build.0 = Release|Any CPU
		{F4F38C97-580A-4A9F-BE18-F489C284B557}.Debug|Any CPU.ActiveCfg = Debug|Any CPU
		{F4F38C97-580A-4A9F-BE18-F489C284B557}.Debug|Any CPU.Build.0 = Debug|Any CPU
		{F4F38C97-580A-4A9F-BE18-F489C284B557}.Release|Any CPU.ActiveCfg = Release|Any CPU
		{F4F38C97-580A-4A9F-BE18-F489C284B557}.Release|Any CPU.Build.0 = Release|Any CPU
		{EAE6B293-211D-4637-9BE8-FB3CD2C0725B}.Debug|Any CPU.ActiveCfg = Debug|Any CPU
		{EAE6B293-211D-4637-9BE8-FB3CD2C0725B}.Debug|Any CPU.Build.0 = Debug|Any CPU
		{EAE6B293-211D-4637-9BE8-FB3CD2C0725B}.Release|Any CPU.ActiveCfg = Release|Any CPU
		{EAE6B293-211D-4637-9BE8-FB3CD2C0725B}.Release|Any CPU.Build.0 = Release|Any CPU
	EndGlobalSection
	GlobalSection(SolutionProperties) = preSolution
		HideSolutionNode = FALSE
	EndGlobalSection
	GlobalSection(ExtensibilityGlobals) = postSolution
		SolutionGuid = {7BA87C04-1F8A-4DC8-A26A-8006B1EF1EED}
	EndGlobalSection
EndGlobal
